// !$*UTF8*$!
{
	archiveVersion = 1;
	classes = {
	};
	objectVersion = 56;
	objects = {

/* Begin PBXBuildFile section */
		098D3AE72C41AEBC006900CD /* githubApp.swift in Sources */ = {isa = PBXBuildFile; fileRef = 098D3AE62C41AEBC006900CD /* githubApp.swift */; };
		098D3AE92C41AEBC006900CD /* ContentView.swift in Sources */ = {isa = PBXBuildFile; fileRef = 098D3AE82C41AEBC006900CD /* ContentView.swift */; };
		098D3AEB2C41AEBE006900CD /* Assets.xcassets in Resources */ = {isa = PBXBuildFile; fileRef = 098D3AEA2C41AEBE006900CD /* Assets.xcassets */; };
		098D3AEE2C41AEBE006900CD /* Preview Assets.xcassets in Resources */ = {isa = PBXBuildFile; fileRef = 098D3AED2C41AEBE006900CD /* Preview Assets.xcassets */; };
		098D3AF82C41AEBF006900CD /* githubTests.swift in Sources */ = {isa = PBXBuildFile; fileRef = 098D3AF72C41AEBF006900CD /* githubTests.swift */; };
		098D3B022C41AEBF006900CD /* githubUITests.swift in Sources */ = {isa = PBXBuildFile; fileRef = 098D3B012C41AEBF006900CD /* githubUITests.swift */; };
		098D3B042C41AEBF006900CD /* githubUITestsLaunchTests.swift in Sources */ = {isa = PBXBuildFile; fileRef = 098D3B032C41AEBF006900CD /* githubUITestsLaunchTests.swift */; };
		098D3B852C470902006900CD /* welc 2.swift in Sources */ = {isa = PBXBuildFile; fileRef = 098D3B842C470902006900CD /* welc 2.swift */; };
		098D3B872C470BDE006900CD /* welc 3.swift in Sources */ = {isa = PBXBuildFile; fileRef = 098D3B862C470BDE006900CD /* welc 3.swift */; };
		098D3B892C470CEC006900CD /* home 1.swift in Sources */ = {isa = PBXBuildFile; fileRef = 098D3B882C470CEC006900CD /* home 1.swift */; };
		098D3B8B2C47A652006900CD /* pet profile 1.swift in Sources */ = {isa = PBXBuildFile; fileRef = 098D3B8A2C47A652006900CD /* pet profile 1.swift */; };
/* End PBXBuildFile section */

/* Begin PBXContainerItemProxy section */
		098D3AF42C41AEBF006900CD /* PBXContainerItemProxy */ = {
			isa = PBXContainerItemProxy;
			containerPortal = 098D3ADB2C41AEBC006900CD /* Project object */;
			proxyType = 1;
			remoteGlobalIDString = 098D3AE22C41AEBC006900CD;
			remoteInfo = github;
		};
		098D3AFE2C41AEBF006900CD /* PBXContainerItemProxy */ = {
			isa = PBXContainerItemProxy;
			containerPortal = 098D3ADB2C41AEBC006900CD /* Project object */;
			proxyType = 1;
			remoteGlobalIDString = 098D3AE22C41AEBC006900CD;
			remoteInfo = github;
		};
/* End PBXContainerItemProxy section */

/* Begin PBXFileReference section */
		098D3AE32C41AEBC006900CD /* github.app */ = {isa = PBXFileReference; explicitFileType = wrapper.application; includeInIndex = 0; path = github.app; sourceTree = BUILT_PRODUCTS_DIR; };
		098D3AE62C41AEBC006900CD /* githubApp.swift */ = {isa = PBXFileReference; lastKnownFileType = sourcecode.swift; path = githubApp.swift; sourceTree = "<group>"; };
		098D3AE82C41AEBC006900CD /* ContentView.swift */ = {isa = PBXFileReference; lastKnownFileType = sourcecode.swift; path = ContentView.swift; sourceTree = "<group>"; };
		098D3AEA2C41AEBE006900CD /* Assets.xcassets */ = {isa = PBXFileReference; lastKnownFileType = folder.assetcatalog; path = Assets.xcassets; sourceTree = "<group>"; };
		098D3AED2C41AEBE006900CD /* Preview Assets.xcassets */ = {isa = PBXFileReference; lastKnownFileType = folder.assetcatalog; path = "Preview Assets.xcassets"; sourceTree = "<group>"; };
		098D3AF32C41AEBF006900CD /* githubTests.xctest */ = {isa = PBXFileReference; explicitFileType = wrapper.cfbundle; includeInIndex = 0; path = githubTests.xctest; sourceTree = BUILT_PRODUCTS_DIR; };
		098D3AF72C41AEBF006900CD /* githubTests.swift */ = {isa = PBXFileReference; lastKnownFileType = sourcecode.swift; path = githubTests.swift; sourceTree = "<group>"; };
		098D3AFD2C41AEBF006900CD /* githubUITests.xctest */ = {isa = PBXFileReference; explicitFileType = wrapper.cfbundle; includeInIndex = 0; path = githubUITests.xctest; sourceTree = BUILT_PRODUCTS_DIR; };
		098D3B012C41AEBF006900CD /* githubUITests.swift */ = {isa = PBXFileReference; lastKnownFileType = sourcecode.swift; path = githubUITests.swift; sourceTree = "<group>"; };
		098D3B032C41AEBF006900CD /* githubUITestsLaunchTests.swift */ = {isa = PBXFileReference; lastKnownFileType = sourcecode.swift; path = githubUITestsLaunchTests.swift; sourceTree = "<group>"; };
		098D3B842C470902006900CD /* welc 2.swift */ = {isa = PBXFileReference; lastKnownFileType = sourcecode.swift; path = "welc 2.swift"; sourceTree = "<group>"; };
		098D3B862C470BDE006900CD /* welc 3.swift */ = {isa = PBXFileReference; lastKnownFileType = sourcecode.swift; path = "welc 3.swift"; sourceTree = "<group>"; };
		098D3B882C470CEC006900CD /* home 1.swift */ = {isa = PBXFileReference; lastKnownFileType = sourcecode.swift; path = "home 1.swift"; sourceTree = "<group>"; };
		098D3B8A2C47A652006900CD /* pet profile 1.swift */ = {isa = PBXFileReference; lastKnownFileType = sourcecode.swift; path = "pet profile 1.swift"; sourceTree = "<group>"; };
/* End PBXFileReference section */

/* Begin PBXFrameworksBuildPhase section */
		098D3AE02C41AEBC006900CD /* Frameworks */ = {
			isa = PBXFrameworksBuildPhase;
			buildActionMask = 2147483647;
			files = (
			);
			runOnlyForDeploymentPostprocessing = 0;
		};
		098D3AF02C41AEBF006900CD /* Frameworks */ = {
			isa = PBXFrameworksBuildPhase;
			buildActionMask = 2147483647;
			files = (
			);
			runOnlyForDeploymentPostprocessing = 0;
		};
		098D3AFA2C41AEBF006900CD /* Frameworks */ = {
			isa = PBXFrameworksBuildPhase;
			buildActionMask = 2147483647;
			files = (
			);
			runOnlyForDeploymentPostprocessing = 0;
		};
/* End PBXFrameworksBuildPhase section */

/* Begin PBXGroup section */
		098D3ADA2C41AEBC006900CD = {
			isa = PBXGroup;
			children = (
				098D3B8A2C47A652006900CD /* pet profile 1.swift */,
				098D3B862C470BDE006900CD /* welc 3.swift */,
				098D3B882C470CEC006900CD /* home 1.swift */,
				098D3B842C470902006900CD /* welc 2.swift */,
				098D3AE52C41AEBC006900CD /* github */,
				098D3AF62C41AEBF006900CD /* githubTests */,
				098D3B002C41AEBF006900CD /* githubUITests */,
				098D3AE42C41AEBC006900CD /* Products */,
			);
			sourceTree = "<group>";
		};
		098D3AE42C41AEBC006900CD /* Products */ = {
			isa = PBXGroup;
			children = (
				098D3AE32C41AEBC006900CD /* github.app */,
				098D3AF32C41AEBF006900CD /* githubTests.xctest */,
				098D3AFD2C41AEBF006900CD /* githubUITests.xctest */,
			);
			name = Products;
			sourceTree = "<group>";
		};
		098D3AE52C41AEBC006900CD /* github */ = {
			isa = PBXGroup;
			children = (
				098D3AE62C41AEBC006900CD /* githubApp.swift */,
				098D3AE82C41AEBC006900CD /* ContentView.swift */,
				098D3AEA2C41AEBE006900CD /* Assets.xcassets */,
				098D3AEC2C41AEBE006900CD /* Preview Content */,
			);
			path = github;
			sourceTree = "<group>";
		};
		098D3AEC2C41AEBE006900CD /* Preview Content */ = {
			isa = PBXGroup;
			children = (
				098D3AED2C41AEBE006900CD /* Preview Assets.xcassets */,
			);
			path = "Preview Content";
			sourceTree = "<group>";
		};
		098D3AF62C41AEBF006900CD /* githubTests */ = {
			isa = PBXGroup;
			children = (
				098D3AF72C41AEBF006900CD /* githubTests.swift */,
			);
			path = githubTests;
			sourceTree = "<group>";
		};
		098D3B002C41AEBF006900CD /* githubUITests */ = {
			isa = PBXGroup;
			children = (
				098D3B012C41AEBF006900CD /* githubUITests.swift */,
				098D3B032C41AEBF006900CD /* githubUITestsLaunchTests.swift */,
			);
			path = githubUITests;
			sourceTree = "<group>";
		};
/* End PBXGroup section */

/* Begin PBXNativeTarget section */
		098D3AE22C41AEBC006900CD /* github */ = {
			isa = PBXNativeTarget;
			buildConfigurationList = 098D3B072C41AEBF006900CD /* Build configuration list for PBXNativeTarget "github" */;
			buildPhases = (
				098D3ADF2C41AEBC006900CD /* Sources */,
				098D3AE02C41AEBC006900CD /* Frameworks */,
				098D3AE12C41AEBC006900CD /* Resources */,
			);
			buildRules = (
			);
			dependencies = (
			);
			name = github;
			productName = github;
			productReference = 098D3AE32C41AEBC006900CD /* github.app */;
			productType = "com.apple.product-type.application";
		};
		098D3AF22C41AEBF006900CD /* githubTests */ = {
			isa = PBXNativeTarget;
			buildConfigurationList = 098D3B0A2C41AEBF006900CD /* Build configuration list for PBXNativeTarget "githubTests" */;
			buildPhases = (
				098D3AEF2C41AEBF006900CD /* Sources */,
				098D3AF02C41AEBF006900CD /* Frameworks */,
				098D3AF12C41AEBF006900CD /* Resources */,
			);
			buildRules = (
			);
			dependencies = (
				098D3AF52C41AEBF006900CD /* PBXTargetDependency */,
			);
			name = githubTests;
			productName = githubTests;
			productReference = 098D3AF32C41AEBF006900CD /* githubTests.xctest */;
			productType = "com.apple.product-type.bundle.unit-test";
		};
		098D3AFC2C41AEBF006900CD /* githubUITests */ = {
			isa = PBXNativeTarget;
			buildConfigurationList = 098D3B0D2C41AEBF006900CD /* Build configuration list for PBXNativeTarget "githubUITests" */;
			buildPhases = (
				098D3AF92C41AEBF006900CD /* Sources */,
				098D3AFA2C41AEBF006900CD /* Frameworks */,
				098D3AFB2C41AEBF006900CD /* Resources */,
			);
			buildRules = (
			);
			dependencies = (
				098D3AFF2C41AEBF006900CD /* PBXTargetDependency */,
			);
			name = githubUITests;
			productName = githubUITests;
			productReference = 098D3AFD2C41AEBF006900CD /* githubUITests.xctest */;
			productType = "com.apple.product-type.bundle.ui-testing";
		};
/* End PBXNativeTarget section */

/* Begin PBXProject section */
		098D3ADB2C41AEBC006900CD /* Project object */ = {
			isa = PBXProject;
			attributes = {
				BuildIndependentTargetsInParallel = 1;
				LastSwiftUpdateCheck = 1540;
				LastUpgradeCheck = 1540;
				TargetAttributes = {
					098D3AE22C41AEBC006900CD = {
						CreatedOnToolsVersion = 15.4;
					};
					098D3AF22C41AEBF006900CD = {
						CreatedOnToolsVersion = 15.4;
						TestTargetID = 098D3AE22C41AEBC006900CD;
					};
					098D3AFC2C41AEBF006900CD = {
						CreatedOnToolsVersion = 15.4;
						TestTargetID = 098D3AE22C41AEBC006900CD;
					};
				};
			};
			buildConfigurationList = 098D3ADE2C41AEBC006900CD /* Build configuration list for PBXProject "github" */;
			compatibilityVersion = "Xcode 14.0";
			developmentRegion = en;
			hasScannedForEncodings = 0;
			knownRegions = (
				en,
				Base,
			);
			mainGroup = 098D3ADA2C41AEBC006900CD;
			productRefGroup = 098D3AE42C41AEBC006900CD /* Products */;
			projectDirPath = "";
			projectRoot = "";
			targets = (
				098D3AE22C41AEBC006900CD /* github */,
				098D3AF22C41AEBF006900CD /* githubTests */,
				098D3AFC2C41AEBF006900CD /* githubUITests */,
			);
		};
/* End PBXProject section */

/* Begin PBXResourcesBuildPhase section */
		098D3AE12C41AEBC006900CD /* Resources */ = {
			isa = PBXResourcesBuildPhase;
			buildActionMask = 2147483647;
			files = (
				098D3AEE2C41AEBE006900CD /* Preview Assets.xcassets in Resources */,
				098D3AEB2C41AEBE006900CD /* Assets.xcassets in Resources */,
			);
			runOnlyForDeploymentPostprocessing = 0;
		};
		098D3AF12C41AEBF006900CD /* Resources */ = {
			isa = PBXResourcesBuildPhase;
			buildActionMask = 2147483647;
			files = (
			);
			runOnlyForDeploymentPostprocessing = 0;
		};
		098D3AFB2C41AEBF006900CD /* Resources */ = {
			isa = PBXResourcesBuildPhase;
			buildActionMask = 2147483647;
			files = (
			);
			runOnlyForDeploymentPostprocessing = 0;
		};
/* End PBXResourcesBuildPhase section */

/* Begin PBXSourcesBuildPhase section */
		098D3ADF2C41AEBC006900CD /* Sources */ = {
			isa = PBXSourcesBuildPhase;
			buildActionMask = 2147483647;
			files = (
				098D3B892C470CEC006900CD /* home 1.swift in Sources */,
				098D3B8B2C47A652006900CD /* pet profile 1.swift in Sources */,
				098D3AE92C41AEBC006900CD /* ContentView.swift in Sources */,
				098D3B872C470BDE006900CD /* welc 3.swift in Sources */,
				098D3B852C470902006900CD /* welc 2.swift in Sources */,
				098D3AE72C41AEBC006900CD /* githubApp.swift in Sources */,
			);
			runOnlyForDeploymentPostprocessing = 0;
		};
		098D3AEF2C41AEBF006900CD /* Sources */ = {
			isa = PBXSourcesBuildPhase;
			buildActionMask = 2147483647;
			files = (
				098D3AF82C41AEBF006900CD /* githubTests.swift in Sources */,
			);
			runOnlyForDeploymentPostprocessing = 0;
		};
		098D3AF92C41AEBF006900CD /* Sources */ = {
			isa = PBXSourcesBuildPhase;
			buildActionMask = 2147483647;
			files = (
				098D3B022C41AEBF006900CD /* githubUITests.swift in Sources */,
				098D3B042C41AEBF006900CD /* githubUITestsLaunchTests.swift in Sources */,
			);
			runOnlyForDeploymentPostprocessing = 0;
		};
/* End PBXSourcesBuildPhase section */

/* Begin PBXTargetDependency section */
		098D3AF52C41AEBF006900CD /* PBXTargetDependency */ = {
			isa = PBXTargetDependency;
			target = 098D3AE22C41AEBC006900CD /* github */;
			targetProxy = 098D3AF42C41AEBF006900CD /* PBXContainerItemProxy */;
		};
		098D3AFF2C41AEBF006900CD /* PBXTargetDependency */ = {
			isa = PBXTargetDependency;
			target = 098D3AE22C41AEBC006900CD /* github */;
			targetProxy = 098D3AFE2C41AEBF006900CD /* PBXContainerItemProxy */;
		};
/* End PBXTargetDependency section */

/* Begin XCBuildConfiguration section */
		098D3B052C41AEBF006900CD /* Debug */ = {
			isa = XCBuildConfiguration;
			buildSettings = {
				ALWAYS_SEARCH_USER_PATHS = NO;
				ASSETCATALOG_COMPILER_GENERATE_SWIFT_ASSET_SYMBOL_EXTENSIONS = YES;
				CLANG_ANALYZER_NONNULL = YES;
				CLANG_ANALYZER_NUMBER_OBJECT_CONVERSION = YES_AGGRESSIVE;
				CLANG_CXX_LANGUAGE_STANDARD = "gnu++20";
				CLANG_ENABLE_MODULES = YES;
				CLANG_ENABLE_OBJC_ARC = YES;
				CLANG_ENABLE_OBJC_WEAK = YES;
				CLANG_WARN_BLOCK_CAPTURE_AUTORELEASING = YES;
				CLANG_WARN_BOOL_CONVERSION = YES;
				CLANG_WARN_COMMA = YES;
				CLANG_WARN_CONSTANT_CONVERSION = YES;
				CLANG_WARN_DEPRECATED_OBJC_IMPLEMENTATIONS = YES;
				CLANG_WARN_DIRECT_OBJC_ISA_USAGE = YES_ERROR;
				CLANG_WARN_DOCUMENTATION_COMMENTS = YES;
				CLANG_WARN_EMPTY_BODY = YES;
				CLANG_WARN_ENUM_CONVERSION = YES;
				CLANG_WARN_INFINITE_RECURSION = YES;
				CLANG_WARN_INT_CONVERSION = YES;
				CLANG_WARN_NON_LITERAL_NULL_CONVERSION = YES;
				CLANG_WARN_OBJC_IMPLICIT_RETAIN_SELF = YES;
				CLANG_WARN_OBJC_LITERAL_CONVERSION = YES;
				CLANG_WARN_OBJC_ROOT_CLASS = YES_ERROR;
				CLANG_WARN_QUOTED_INCLUDE_IN_FRAMEWORK_HEADER = YES;
				CLANG_WARN_RANGE_LOOP_ANALYSIS = YES;
				CLANG_WARN_STRICT_PROTOTYPES = YES;
				CLANG_WARN_SUSPICIOUS_MOVE = YES;
				CLANG_WARN_UNGUARDED_AVAILABILITY = YES_AGGRESSIVE;
				CLANG_WARN_UNREACHABLE_CODE = YES;
				CLANG_WARN__DUPLICATE_METHOD_MATCH = YES;
				COPY_PHASE_STRIP = NO;
				DEBUG_INFORMATION_FORMAT = dwarf;
				ENABLE_STRICT_OBJC_MSGSEND = YES;
				ENABLE_TESTABILITY = YES;
				ENABLE_USER_SCRIPT_SANDBOXING = YES;
				GCC_C_LANGUAGE_STANDARD = gnu17;
				GCC_DYNAMIC_NO_PIC = NO;
				GCC_NO_COMMON_BLOCKS = YES;
				GCC_OPTIMIZATION_LEVEL = 0;
				GCC_PREPROCESSOR_DEFINITIONS = (
					"DEBUG=1",
					"$(inherited)",
				);
				GCC_WARN_64_TO_32_BIT_CONVERSION = YES;
				GCC_WARN_ABOUT_RETURN_TYPE = YES_ERROR;
				GCC_WARN_UNDECLARED_SELECTOR = YES;
				GCC_WARN_UNINITIALIZED_AUTOS = YES_AGGRESSIVE;
				GCC_WARN_UNUSED_FUNCTION = YES;
				GCC_WARN_UNUSED_VARIABLE = YES;
				IPHONEOS_DEPLOYMENT_TARGET = 17.5;
				LOCALIZATION_PREFERS_STRING_CATALOGS = YES;
				MTL_ENABLE_DEBUG_INFO = INCLUDE_SOURCE;
				MTL_FAST_MATH = YES;
				ONLY_ACTIVE_ARCH = YES;
				SDKROOT = iphoneos;
				SWIFT_ACTIVE_COMPILATION_CONDITIONS = "DEBUG $(inherited)";
				SWIFT_OPTIMIZATION_LEVEL = "-Onone";
			};
			name = Debug;
		};
		098D3B062C41AEBF006900CD /* Release */ = {
			isa = XCBuildConfiguration;
			buildSettings = {
				ALWAYS_SEARCH_USER_PATHS = NO;
				ASSETCATALOG_COMPILER_GENERATE_SWIFT_ASSET_SYMBOL_EXTENSIONS = YES;
				CLANG_ANALYZER_NONNULL = YES;
				CLANG_ANALYZER_NUMBER_OBJECT_CONVERSION = YES_AGGRESSIVE;
				CLANG_CXX_LANGUAGE_STANDARD = "gnu++20";
				CLANG_ENABLE_MODULES = YES;
				CLANG_ENABLE_OBJC_ARC = YES;
				CLANG_ENABLE_OBJC_WEAK = YES;
				CLANG_WARN_BLOCK_CAPTURE_AUTORELEASING = YES;
				CLANG_WARN_BOOL_CONVERSION = YES;
				CLANG_WARN_COMMA = YES;
				CLANG_WARN_CONSTANT_CONVERSION = YES;
				CLANG_WARN_DEPRECATED_OBJC_IMPLEMENTATIONS = YES;
				CLANG_WARN_DIRECT_OBJC_ISA_USAGE = YES_ERROR;
				CLANG_WARN_DOCUMENTATION_COMMENTS = YES;
				CLANG_WARN_EMPTY_BODY = YES;
				CLANG_WARN_ENUM_CONVERSION = YES;
				CLANG_WARN_INFINITE_RECURSION = YES;
				CLANG_WARN_INT_CONVERSION = YES;
				CLANG_WARN_NON_LITERAL_NULL_CONVERSION = YES;
				CLANG_WARN_OBJC_IMPLICIT_RETAIN_SELF = YES;
				CLANG_WARN_OBJC_LITERAL_CONVERSION = YES;
				CLANG_WARN_OBJC_ROOT_CLASS = YES_ERROR;
				CLANG_WARN_QUOTED_INCLUDE_IN_FRAMEWORK_HEADER = YES;
				CLANG_WARN_RANGE_LOOP_ANALYSIS = YES;
				CLANG_WARN_STRICT_PROTOTYPES = YES;
				CLANG_WARN_SUSPICIOUS_MOVE = YES;
				CLANG_WARN_UNGUARDED_AVAILABILITY = YES_AGGRESSIVE;
				CLANG_WARN_UNREACHABLE_CODE = YES;
				CLANG_WARN__DUPLICATE_METHOD_MATCH = YES;
				COPY_PHASE_STRIP = NO;
				DEBUG_INFORMATION_FORMAT = "dwarf-with-dsym";
				ENABLE_NS_ASSERTIONS = NO;
				ENABLE_STRICT_OBJC_MSGSEND = YES;
				ENABLE_USER_SCRIPT_SANDBOXING = YES;
				GCC_C_LANGUAGE_STANDARD = gnu17;
				GCC_NO_COMMON_BLOCKS = YES;
				GCC_WARN_64_TO_32_BIT_CONVERSION = YES;
				GCC_WARN_ABOUT_RETURN_TYPE = YES_ERROR;
				GCC_WARN_UNDECLARED_SELECTOR = YES;
				GCC_WARN_UNINITIALIZED_AUTOS = YES_AGGRESSIVE;
				GCC_WARN_UNUSED_FUNCTION = YES;
				GCC_WARN_UNUSED_VARIABLE = YES;
				IPHONEOS_DEPLOYMENT_TARGET = 17.5;
				LOCALIZATION_PREFERS_STRING_CATALOGS = YES;
				MTL_ENABLE_DEBUG_INFO = NO;
				MTL_FAST_MATH = YES;
				SDKROOT = iphoneos;
				SWIFT_COMPILATION_MODE = wholemodule;
				VALIDATE_PRODUCT = YES;
			};
			name = Release;
		};
		098D3B082C41AEBF006900CD /* Debug */ = {
			isa = XCBuildConfiguration;
			buildSettings = {
				ASSETCATALOG_COMPILER_APPICON_NAME = AppIcon;
				ASSETCATALOG_COMPILER_GLOBAL_ACCENT_COLOR_NAME = AccentColor;
				CODE_SIGN_STYLE = Automatic;
				CURRENT_PROJECT_VERSION = 1;
				DEVELOPMENT_ASSET_PATHS = "\"github/Preview Content\"";
				DEVELOPMENT_TEAM = 96863CA35Q;
				ENABLE_PREVIEWS = YES;
				GENERATE_INFOPLIST_FILE = YES;
				INFOPLIST_KEY_CFBundleDisplayName = "kwk - d1";
				INFOPLIST_KEY_UIApplicationSceneManifest_Generation = YES;
				INFOPLIST_KEY_UIApplicationSupportsIndirectInputEvents = YES;
				INFOPLIST_KEY_UILaunchScreen_Generation = YES;
				INFOPLIST_KEY_UISupportedInterfaceOrientations_iPad = "UIInterfaceOrientationPortrait UIInterfaceOrientationPortraitUpsideDown UIInterfaceOrientationLandscapeLeft UIInterfaceOrientationLandscapeRight";
				INFOPLIST_KEY_UISupportedInterfaceOrientations_iPhone = "UIInterfaceOrientationPortrait UIInterfaceOrientationLandscapeLeft UIInterfaceOrientationLandscapeRight";
				LD_RUNPATH_SEARCH_PATHS = (
					"$(inherited)",
					"@executable_path/Frameworks",
				);
				MARKETING_VERSION = 1.0;
				PRODUCT_BUNDLE_IDENTIFIER = kwk.github;
				PRODUCT_NAME = "$(TARGET_NAME)";
				SWIFT_EMIT_LOC_STRINGS = YES;
				SWIFT_VERSION = 5.0;
				TARGETED_DEVICE_FAMILY = "1,2";
			};
			name = Debug;
		};
		098D3B092C41AEBF006900CD /* Release */ = {
			isa = XCBuildConfiguration;
			buildSettings = {
				ASSETCATALOG_COMPILER_APPICON_NAME = AppIcon;
				ASSETCATALOG_COMPILER_GLOBAL_ACCENT_COLOR_NAME = AccentColor;
				CODE_SIGN_STYLE = Automatic;
				CURRENT_PROJECT_VERSION = 1;
				DEVELOPMENT_ASSET_PATHS = "\"github/Preview Content\"";
				DEVELOPMENT_TEAM = 96863CA35Q;
				ENABLE_PREVIEWS = YES;
				GENERATE_INFOPLIST_FILE = YES;
				INFOPLIST_KEY_CFBundleDisplayName = "kwk - d1";
				INFOPLIST_KEY_UIApplicationSceneManifest_Generation = YES;
				INFOPLIST_KEY_UIApplicationSupportsIndirectInputEvents = YES;
				INFOPLIST_KEY_UILaunchScreen_Generation = YES;
				INFOPLIST_KEY_UISupportedInterfaceOrientations_iPad = "UIInterfaceOrientationPortrait UIInterfaceOrientationPortraitUpsideDown UIInterfaceOrientationLandscapeLeft UIInterfaceOrientationLandscapeRight";
				INFOPLIST_KEY_UISupportedInterfaceOrientations_iPhone = "UIInterfaceOrientationPortrait UIInterfaceOrientationLandscapeLeft UIInterfaceOrientationLandscapeRight";
				LD_RUNPATH_SEARCH_PATHS = (
					"$(inherited)",
					"@executable_path/Frameworks",
				);
				MARKETING_VERSION = 1.0;
				PRODUCT_BUNDLE_IDENTIFIER = kwk.github;
				PRODUCT_NAME = "$(TARGET_NAME)";
				SWIFT_EMIT_LOC_STRINGS = YES;
				SWIFT_VERSION = 5.0;
				TARGETED_DEVICE_FAMILY = "1,2";
			};
			name = Release;
		};
		098D3B0B2C41AEBF006900CD /* Debug */ = {
			isa = XCBuildConfiguration;
			buildSettings = {
				ALWAYS_EMBED_SWIFT_STANDARD_LIBRARIES = YES;
				BUNDLE_LOADER = "$(TEST_HOST)";
				CODE_SIGN_STYLE = Automatic;
				CURRENT_PROJECT_VERSION = 1;
				DEVELOPMENT_TEAM = 96863CA35Q;
				GENERATE_INFOPLIST_FILE = YES;
				IPHONEOS_DEPLOYMENT_TARGET = 17.5;
				MARKETING_VERSION = 1.0;
				PRODUCT_BUNDLE_IDENTIFIER = kwk.githubTests;
				PRODUCT_NAME = "$(TARGET_NAME)";
				SWIFT_EMIT_LOC_STRINGS = NO;
				SWIFT_VERSION = 5.0;
				TARGETED_DEVICE_FAMILY = "1,2";
				TEST_HOST = "$(BUILT_PRODUCTS_DIR)/github.app/$(BUNDLE_EXECUTABLE_FOLDER_PATH)/github";
			};
			name = Debug;
		};
		098D3B0C2C41AEBF006900CD /* Release */ = {
			isa = XCBuildConfiguration;
			buildSettings = {
				ALWAYS_EMBED_SWIFT_STANDARD_LIBRARIES = YES;
				BUNDLE_LOADER = "$(TEST_HOST)";
				CODE_SIGN_STYLE = Automatic;
				CURRENT_PROJECT_VERSION = 1;
				DEVELOPMENT_TEAM = 96863CA35Q;
				GENERATE_INFOPLIST_FILE = YES;
				IPHONEOS_DEPLOYMENT_TARGET = 17.5;
				MARKETING_VERSION = 1.0;
				PRODUCT_BUNDLE_IDENTIFIER = kwk.githubTests;
				PRODUCT_NAME = "$(TARGET_NAME)";
				SWIFT_EMIT_LOC_STRINGS = NO;
				SWIFT_VERSION = 5.0;
				TARGETED_DEVICE_FAMILY = "1,2";
				TEST_HOST = "$(BUILT_PRODUCTS_DIR)/github.app/$(BUNDLE_EXECUTABLE_FOLDER_PATH)/github";
			};
			name = Release;
		};
		098D3B0E2C41AEBF006900CD /* Debug */ = {
			isa = XCBuildConfiguration;
			buildSettings = {
				ALWAYS_EMBED_SWIFT_STANDARD_LIBRARIES = YES;
				CODE_SIGN_STYLE = Automatic;
				CURRENT_PROJECT_VERSION = 1;
				DEVELOPMENT_TEAM = 96863CA35Q;
				GENERATE_INFOPLIST_FILE = YES;
				MARKETING_VERSION = 1.0;
				PRODUCT_BUNDLE_IDENTIFIER = kwk.githubUITests;
				PRODUCT_NAME = "$(TARGET_NAME)";
				SWIFT_EMIT_LOC_STRINGS = NO;
				SWIFT_VERSION = 5.0;
				TARGETED_DEVICE_FAMILY = "1,2";
				TEST_TARGET_NAME = github;
			};
			name = Debug;
		};
		098D3B0F2C41AEBF006900CD /* Release */ = {
			isa = XCBuildConfiguration;
			buildSettings = {
				ALWAYS_EMBED_SWIFT_STANDARD_LIBRARIES = YES;
				CODE_SIGN_STYLE = Automatic;
				CURRENT_PROJECT_VERSION = 1;
				DEVELOPMENT_TEAM = 96863CA35Q;
				GENERATE_INFOPLIST_FILE = YES;
				MARKETING_VERSION = 1.0;
				PRODUCT_BUNDLE_IDENTIFIER = kwk.githubUITests;
				PRODUCT_NAME = "$(TARGET_NAME)";
				SWIFT_EMIT_LOC_STRINGS = NO;
				SWIFT_VERSION = 5.0;
				TARGETED_DEVICE_FAMILY = "1,2";
				TEST_TARGET_NAME = github;
			};
			name = Release;
		};
/* End XCBuildConfiguration section */

/* Begin XCConfigurationList section */
		098D3ADE2C41AEBC006900CD /* Build configuration list for PBXProject "github" */ = {
			isa = XCConfigurationList;
			buildConfigurations = (
				098D3B052C41AEBF006900CD /* Debug */,
				098D3B062C41AEBF006900CD /* Release */,
			);
			defaultConfigurationIsVisible = 0;
			defaultConfigurationName = Release;
		};
		098D3B072C41AEBF006900CD /* Build configuration list for PBXNativeTarget "github" */ = {
			isa = XCConfigurationList;
			buildConfigurations = (
				098D3B082C41AEBF006900CD /* Debug */,
				098D3B092C41AEBF006900CD /* Release */,
			);
			defaultConfigurationIsVisible = 0;
			defaultConfigurationName = Release;
		};
		098D3B0A2C41AEBF006900CD /* Build configuration list for PBXNativeTarget "githubTests" */ = {
			isa = XCConfigurationList;
			buildConfigurations = (
				098D3B0B2C41AEBF006900CD /* Debug */,
				098D3B0C2C41AEBF006900CD /* Release */,
			);
			defaultConfigurationIsVisible = 0;
			defaultConfigurationName = Release;
		};
		098D3B0D2C41AEBF006900CD /* Build configuration list for PBXNativeTarget "githubUITests" */ = {
			isa = XCConfigurationList;
			buildConfigurations = (
				098D3B0E2C41AEBF006900CD /* Debug */,
				098D3B0F2C41AEBF006900CD /* Release */,
			);
			defaultConfigurationIsVisible = 0;
			defaultConfigurationName = Release;
		};
/* End XCConfigurationList section */
	};
	rootObject = 098D3ADB2C41AEBC006900CD /* Project object */;
}
